// !$*UTF8*$!
{
	archiveVersion = 1;
	classes = {
	};
	objectVersion = 50;
	objects = {

/* Begin PBXBuildFile section */
		7B0CCD71216E88F90013D873 /* AppDelegate.swift in Sources */ = {isa = PBXBuildFile; fileRef = 7B0CCD70216E88F90013D873 /* AppDelegate.swift */; };
		7B0CCD76216E88F90013D873 /* Main.storyboard in Resources */ = {isa = PBXBuildFile; fileRef = 7B0CCD74216E88F90013D873 /* Main.storyboard */; };
		7B0CCD78216E88FA0013D873 /* Assets.xcassets in Resources */ = {isa = PBXBuildFile; fileRef = 7B0CCD77216E88FA0013D873 /* Assets.xcassets */; };
		7B0CCD7B216E88FA0013D873 /* LaunchScreen.storyboard in Resources */ = {isa = PBXBuildFile; fileRef = 7B0CCD79216E88FA0013D873 /* LaunchScreen.storyboard */; };
		7B0CCD83216E8A1A0013D873 /* Question.swift in Sources */ = {isa = PBXBuildFile; fileRef = 7B0CCD82216E8A1A0013D873 /* Question.swift */; };
		7B0CCD85216E8A800013D873 /* QuestionController.swift in Sources */ = {isa = PBXBuildFile; fileRef = 7B0CCD84216E8A800013D873 /* QuestionController.swift */; };
		7B0CCD87216E920A0013D873 /* QuestionTableVC.swift in Sources */ = {isa = PBXBuildFile; fileRef = 7B0CCD86216E920A0013D873 /* QuestionTableVC.swift */; };
		7B0CCD89216E92CB0013D873 /* QuestionTableVCCell.swift in Sources */ = {isa = PBXBuildFile; fileRef = 7B0CCD88216E92CB0013D873 /* QuestionTableVCCell.swift */; };
		7B0CCD8B216E96DF0013D873 /* AskQuestionVC.swift in Sources */ = {isa = PBXBuildFile; fileRef = 7B0CCD8A216E96DF0013D873 /* AskQuestionVC.swift */; };
		7B0CCD8D216E9ACB0013D873 /* AnswerViewController.swift in Sources */ = {isa = PBXBuildFile; fileRef = 7B0CCD8C216E9ACB0013D873 /* AnswerViewController.swift */; };
		7B0CCD8F216E9D5F0013D873 /* QuestionControllerProtocol.swift in Sources */ = {isa = PBXBuildFile; fileRef = 7B0CCD8E216E9D5F0013D873 /* QuestionControllerProtocol.swift */; };
/* End PBXBuildFile section */

/* Begin PBXFileReference section */
		7B0CCD6D216E88F90013D873 /* Q&A.app */ = {isa = PBXFileReference; explicitFileType = wrapper.application; includeInIndex = 0; path = "Q&A.app"; sourceTree = BUILT_PRODUCTS_DIR; };
		7B0CCD70216E88F90013D873 /* AppDelegate.swift */ = {isa = PBXFileReference; lastKnownFileType = sourcecode.swift; path = AppDelegate.swift; sourceTree = "<group>"; };
		7B0CCD75216E88F90013D873 /* Base */ = {isa = PBXFileReference; lastKnownFileType = file.storyboard; name = Base; path = Base.lproj/Main.storyboard; sourceTree = "<group>"; };
		7B0CCD77216E88FA0013D873 /* Assets.xcassets */ = {isa = PBXFileReference; lastKnownFileType = folder.assetcatalog; path = Assets.xcassets; sourceTree = "<group>"; };
		7B0CCD7A216E88FA0013D873 /* Base */ = {isa = PBXFileReference; lastKnownFileType = file.storyboard; name = Base; path = Base.lproj/LaunchScreen.storyboard; sourceTree = "<group>"; };
		7B0CCD7C216E88FA0013D873 /* Info.plist */ = {isa = PBXFileReference; lastKnownFileType = text.plist.xml; path = Info.plist; sourceTree = "<group>"; };
		7B0CCD82216E8A1A0013D873 /* Question.swift */ = {isa = PBXFileReference; lastKnownFileType = sourcecode.swift; path = Question.swift; sourceTree = "<group>"; };
		7B0CCD84216E8A800013D873 /* QuestionController.swift */ = {isa = PBXFileReference; lastKnownFileType = sourcecode.swift; path = QuestionController.swift; sourceTree = "<group>"; };
		7B0CCD86216E920A0013D873 /* QuestionTableVC.swift */ = {isa = PBXFileReference; lastKnownFileType = sourcecode.swift; path = QuestionTableVC.swift; sourceTree = "<group>"; };
		7B0CCD88216E92CB0013D873 /* QuestionTableVCCell.swift */ = {isa = PBXFileReference; lastKnownFileType = sourcecode.swift; path = QuestionTableVCCell.swift; sourceTree = "<group>"; };
		7B0CCD8A216E96DF0013D873 /* AskQuestionVC.swift */ = {isa = PBXFileReference; lastKnownFileType = sourcecode.swift; path = AskQuestionVC.swift; sourceTree = "<group>"; };
		7B0CCD8C216E9ACB0013D873 /* AnswerViewController.swift */ = {isa = PBXFileReference; lastKnownFileType = sourcecode.swift; path = AnswerViewController.swift; sourceTree = "<group>"; };
		7B0CCD8E216E9D5F0013D873 /* QuestionControllerProtocol.swift */ = {isa = PBXFileReference; lastKnownFileType = sourcecode.swift; path = QuestionControllerProtocol.swift; sourceTree = "<group>"; };
/* End PBXFileReference section */

/* Begin PBXFrameworksBuildPhase section */
		7B0CCD6A216E88F90013D873 /* Frameworks */ = {
			isa = PBXFrameworksBuildPhase;
			buildActionMask = 2147483647;
			files = (
			);
			runOnlyForDeploymentPostprocessing = 0;
		};
/* End PBXFrameworksBuildPhase section */

/* Begin PBXGroup section */
		7B0CCD64216E88F90013D873 = {
			isa = PBXGroup;
			children = (
				7B0CCD6F216E88F90013D873 /* Q&A */,
				7B0CCD6E216E88F90013D873 /* Products */,
			);
			sourceTree = "<group>";
		};
		7B0CCD6E216E88F90013D873 /* Products */ = {
			isa = PBXGroup;
			children = (
				7B0CCD6D216E88F90013D873 /* Q&A.app */,
			);
			name = Products;
			sourceTree = "<group>";
		};
		7B0CCD6F216E88F90013D873 /* Q&A */ = {
			isa = PBXGroup;
			children = (
				7B0CCD91216E9E0E0013D873 /* Model & Controller */,
				7B0CCD92216E9E260013D873 /* View Controllers */,
				7B0CCD90216E9E000013D873 /* Protocol */,
				7B0CCD74216E88F90013D873 /* Main.storyboard */,
				7B0CCD77216E88FA0013D873 /* Assets.xcassets */,
				7B0CCD70216E88F90013D873 /* AppDelegate.swift */,
				7B0CCD79216E88FA0013D873 /* LaunchScreen.storyboard */,
				7B0CCD7C216E88FA0013D873 /* Info.plist */,
			);
			path = "Q&A";
			sourceTree = "<group>";
		};
		7B0CCD90216E9E000013D873 /* Protocol */ = {
			isa = PBXGroup;
			children = (
				7B0CCD8E216E9D5F0013D873 /* QuestionControllerProtocol.swift */,
			);
			path = Protocol;
			sourceTree = "<group>";
		};
		7B0CCD91216E9E0E0013D873 /* Model & Controller */ = {
			isa = PBXGroup;
			children = (
				7B0CCD82216E8A1A0013D873 /* Question.swift */,
				7B0CCD84216E8A800013D873 /* QuestionController.swift */,
			);
			path = "Model & Controller";
			sourceTree = "<group>";
		};
		7B0CCD92216E9E260013D873 /* View Controllers */ = {
			isa = PBXGroup;
			children = (
				7B0CCD86216E920A0013D873 /* QuestionTableVC.swift */,
				7B0CCD88216E92CB0013D873 /* QuestionTableVCCell.swift */,
				7B0CCD8A216E96DF0013D873 /* AskQuestionVC.swift */,
				7B0CCD8C216E9ACB0013D873 /* AnswerViewController.swift */,
			);
			path = "View Controllers";
			sourceTree = "<group>";
		};
/* End PBXGroup section */

/* Begin PBXNativeTarget section */
		7B0CCD6C216E88F90013D873 /* Q&A */ = {
			isa = PBXNativeTarget;
			buildConfigurationList = 7B0CCD7F216E88FA0013D873 /* Build configuration list for PBXNativeTarget "Q&A" */;
			buildPhases = (
				7B0CCD69216E88F90013D873 /* Sources */,
				7B0CCD6A216E88F90013D873 /* Frameworks */,
				7B0CCD6B216E88F90013D873 /* Resources */,
			);
			buildRules = (
			);
			dependencies = (
			);
			name = "Q&A";
			productName = "Q&A";
			productReference = 7B0CCD6D216E88F90013D873 /* Q&A.app */;
			productType = "com.apple.product-type.application";
		};
/* End PBXNativeTarget section */

/* Begin PBXProject section */
		7B0CCD65216E88F90013D873 /* Project object */ = {
			isa = PBXProject;
			attributes = {
				LastSwiftUpdateCheck = 1000;
				LastUpgradeCheck = 1000;
				ORGANIZATIONNAME = "Sean Hendrix";
				TargetAttributes = {
					7B0CCD6C216E88F90013D873 = {
						CreatedOnToolsVersion = 10.0;
					};
				};
			};
			buildConfigurationList = 7B0CCD68216E88F90013D873 /* Build configuration list for PBXProject "Q&A" */;
			compatibilityVersion = "Xcode 9.3";
			developmentRegion = en;
			hasScannedForEncodings = 0;
			knownRegions = (
				en,
				Base,
			);
			mainGroup = 7B0CCD64216E88F90013D873;
			productRefGroup = 7B0CCD6E216E88F90013D873 /* Products */;
			projectDirPath = "";
			projectRoot = "";
			targets = (
				7B0CCD6C216E88F90013D873 /* Q&A */,
			);
		};
/* End PBXProject section */

/* Begin PBXResourcesBuildPhase section */
		7B0CCD6B216E88F90013D873 /* Resources */ = {
			isa = PBXResourcesBuildPhase;
			buildActionMask = 2147483647;
			files = (
				7B0CCD7B216E88FA0013D873 /* LaunchScreen.storyboard in Resources */,
				7B0CCD78216E88FA0013D873 /* Assets.xcassets in Resources */,
				7B0CCD76216E88F90013D873 /* Main.storyboard in Resources */,
			);
			runOnlyForDeploymentPostprocessing = 0;
		};
/* End PBXResourcesBuildPhase section */

/* Begin PBXSourcesBuildPhase section */
		7B0CCD69216E88F90013D873 /* Sources */ = {
			isa = PBXSourcesBuildPhase;
			buildActionMask = 2147483647;
			files = (
				7B0CCD83216E8A1A0013D873 /* Question.swift in Sources */,
				7B0CCD8D216E9ACB0013D873 /* AnswerViewController.swift in Sources */,
				7B0CCD8F216E9D5F0013D873 /* QuestionControllerProtocol.swift in Sources */,
				7B0CCD89216E92CB0013D873 /* QuestionTableVCCell.swift in Sources */,
				7B0CCD8B216E96DF0013D873 /* AskQuestionVC.swift in Sources */,
				7B0CCD87216E920A0013D873 /* QuestionTableVC.swift in Sources */,
				7B0CCD71216E88F90013D873 /* AppDelegate.swift in Sources */,
				7B0CCD85216E8A800013D873 /* QuestionController.swift in Sources */,
			);
			runOnlyForDeploymentPostprocessing = 0;
		};
/* End PBXSourcesBuildPhase section */

/* Begin PBXVariantGroup section */
		7B0CCD74216E88F90013D873 /* Main.storyboard */ = {
			isa = PBXVariantGroup;
			children = (
				7B0CCD75216E88F90013D873 /* Base */,
			);
			name = Main.storyboard;
			sourceTree = "<group>";
		};
		7B0CCD79216E88FA0013D873 /* LaunchScreen.storyboard */ = {
			isa = PBXVariantGroup;
			children = (
				7B0CCD7A216E88FA0013D873 /* Base */,
			);
			name = LaunchScreen.storyboard;
			sourceTree = "<group>";
		};
/* End PBXVariantGroup section */

/* Begin XCBuildConfiguration section */
		7B0CCD7D216E88FA0013D873 /* Debug */ = {
			isa = XCBuildConfiguration;
			buildSettings = {
				ALWAYS_SEARCH_USER_PATHS = NO;
				CLANG_ANALYZER_NONNULL = YES;
				CLANG_ANALYZER_NUMBER_OBJECT_CONVERSION = YES_AGGRESSIVE;
				CLANG_CXX_LANGUAGE_STANDARD = "gnu++14";
				CLANG_CXX_LIBRARY = "libc++";
				CLANG_ENABLE_MODULES = YES;
				CLANG_ENABLE_OBJC_ARC = YES;
				CLANG_ENABLE_OBJC_WEAK = YES;
				CLANG_WARN_BLOCK_CAPTURE_AUTORELEASING = YES;
				CLANG_WARN_BOOL_CONVERSION = YES;
				CLANG_WARN_COMMA = YES;
				CLANG_WARN_CONSTANT_CONVERSION = YES;
				CLANG_WARN_DEPRECATED_OBJC_IMPLEMENTATIONS = YES;
				CLANG_WARN_DIRECT_OBJC_ISA_USAGE = YES_ERROR;
				CLANG_WARN_DOCUMENTATION_COMMENTS = YES;
				CLANG_WARN_EMPTY_BODY = YES;
				CLANG_WARN_ENUM_CONVERSION = YES;
				CLANG_WARN_INFINITE_RECURSION = YES;
				CLANG_WARN_INT_CONVERSION = YES;
				CLANG_WARN_NON_LITERAL_NULL_CONVERSION = YES;
				CLANG_WARN_OBJC_IMPLICIT_RETAIN_SELF = YES;
				CLANG_WARN_OBJC_LITERAL_CONVERSION = YES;
				CLANG_WARN_OBJC_ROOT_CLASS = YES_ERROR;
				CLANG_WARN_RANGE_LOOP_ANALYSIS = YES;
				CLANG_WARN_STRICT_PROTOTYPES = YES;
				CLANG_WARN_SUSPICIOUS_MOVE = YES;
				CLANG_WARN_UNGUARDED_AVAILABILITY = YES_AGGRESSIVE;
				CLANG_WARN_UNREACHABLE_CODE = YES;
				CLANG_WARN__DUPLICATE_METHOD_MATCH = YES;
				CODE_SIGN_IDENTITY = "iPhone Developer";
				COPY_PHASE_STRIP = NO;
				DEBUG_INFORMATION_FORMAT = dwarf;
				ENABLE_STRICT_OBJC_MSGSEND = YES;
				ENABLE_TESTABILITY = YES;
				GCC_C_LANGUAGE_STANDARD = gnu11;
				GCC_DYNAMIC_NO_PIC = NO;
				GCC_NO_COMMON_BLOCKS = YES;
				GCC_OPTIMIZATION_LEVEL = 0;
				GCC_PREPROCESSOR_DEFINITIONS = (
					"DEBUG=1",
					"$(inherited)",
				);
				GCC_WARN_64_TO_32_BIT_CONVERSION = YES;
				GCC_WARN_ABOUT_RETURN_TYPE = YES_ERROR;
				GCC_WARN_UNDECLARED_SELECTOR = YES;
				GCC_WARN_UNINITIALIZED_AUTOS = YES_AGGRESSIVE;
				GCC_WARN_UNUSED_FUNCTION = YES;
				GCC_WARN_UNUSED_VARIABLE = YES;
				IPHONEOS_DEPLOYMENT_TARGET = 12.0;
				MTL_ENABLE_DEBUG_INFO = INCLUDE_SOURCE;
				MTL_FAST_MATH = YES;
				ONLY_ACTIVE_ARCH = YES;
				SDKROOT = iphoneos;
				SWIFT_ACTIVE_COMPILATION_CONDITIONS = DEBUG;
				SWIFT_OPTIMIZATION_LEVEL = "-Onone";
			};
			name = Debug;
		};
		7B0CCD7E216E88FA0013D873 /* Release */ = {
			isa = XCBuildConfiguration;
			buildSettings = {
				ALWAYS_SEARCH_USER_PATHS = NO;
				CLANG_ANALYZER_NONNULL = YES;
				CLANG_ANALYZER_NUMBER_OBJECT_CONVERSION = YES_AGGRESSIVE;
				CLANG_CXX_LANGUAGE_STANDARD = "gnu++14";
				CLANG_CXX_LIBRARY = "libc++";
				CLANG_ENABLE_MODULES = YES;
				CLANG_ENABLE_OBJC_ARC = YES;
				CLANG_ENABLE_OBJC_WEAK = YES;
				CLANG_WARN_BLOCK_CAPTURE_AUTORELEASING = YES;
				CLANG_WARN_BOOL_CONVERSION = YES;
				CLANG_WARN_COMMA = YES;
				CLANG_WARN_CONSTANT_CONVERSION = YES;
				CLANG_WARN_DEPRECATED_OBJC_IMPLEMENTATIONS = YES;
				CLANG_WARN_DIRECT_OBJC_ISA_USAGE = YES_ERROR;
				CLANG_WARN_DOCUMENTATION_COMMENTS = YES;
				CLANG_WARN_EMPTY_BODY = YES;
				CLANG_WARN_ENUM_CONVERSION = YES;
				CLANG_WARN_INFINITE_RECURSION = YES;
				CLANG_WARN_INT_CONVERSION = YES;
				CLANG_WARN_NON_LITERAL_NULL_CONVERSION = YES;
				CLANG_WARN_OBJC_IMPLICIT_RETAIN_SELF = YES;
				CLANG_WARN_OBJC_LITERAL_CONVERSION = YES;
				CLANG_WARN_OBJC_ROOT_CLASS = YES_ERROR;
				CLANG_WARN_RANGE_LOOP_ANALYSIS = YES;
				CLANG_WARN_STRICT_PROTOTYPES = YES;
				CLANG_WARN_SUSPICIOUS_MOVE = YES;
				CLANG_WARN_UNGUARDED_AVAILABILITY = YES_AGGRESSIVE;
				CLANG_WARN_UNREACHABLE_CODE = YES;
				CLANG_WARN__DUPLICATE_METHOD_MATCH = YES;
				CODE_SIGN_IDENTITY = "iPhone Developer";
				COPY_PHASE_STRIP = NO;
				DEBUG_INFORMATION_FORMAT = "dwarf-with-dsym";
				ENABLE_NS_ASSERTIONS = NO;
				ENABLE_STRICT_OBJC_MSGSEND = YES;
				GCC_C_LANGUAGE_STANDARD = gnu11;
				GCC_NO_COMMON_BLOCKS = YES;
				GCC_WARN_64_TO_32_BIT_CONVERSION = YES;
				GCC_WARN_ABOUT_RETURN_TYPE = YES_ERROR;
				GCC_WARN_UNDECLARED_SELECTOR = YES;
				GCC_WARN_UNINITIALIZED_AUTOS = YES_AGGRESSIVE;
				GCC_WARN_UNUSED_FUNCTION = YES;
				GCC_WARN_UNUSED_VARIABLE = YES;
				IPHONEOS_DEPLOYMENT_TARGET = 12.0;
				MTL_ENABLE_DEBUG_INFO = NO;
				MTL_FAST_MATH = YES;
				SDKROOT = iphoneos;
				SWIFT_COMPILATION_MODE = wholemodule;
				SWIFT_OPTIMIZATION_LEVEL = "-O";
				VALIDATE_PRODUCT = YES;
			};
			name = Release;
		};
		7B0CCD80216E88FA0013D873 /* Debug */ = {
			isa = XCBuildConfiguration;
			buildSettings = {
				ASSETCATALOG_COMPILER_APPICON_NAME = AppIcon;
				CODE_SIGN_STYLE = Automatic;
				INFOPLIST_FILE = "Q&A/Info.plist";
				LD_RUNPATH_SEARCH_PATHS = (
					"$(inherited)",
					"@executable_path/Frameworks",
				);
				PRODUCT_BUNDLE_IDENTIFIER = "com.hendoware.Q-A";
				PRODUCT_NAME = "$(TARGET_NAME)";
				SWIFT_VERSION = 4.2;
				TARGETED_DEVICE_FAMILY = "1,2";
			};
			name = Debug;
		};
		7B0CCD81216E88FA0013D873 /* Release */ = {
			isa = XCBuildConfiguration;
			buildSettings = {
				ASSETCATALOG_COMPILER_APPICON_NAME = AppIcon;
				CODE_SIGN_STYLE = Automatic;
				INFOPLIST_FILE = "Q&A/Info.plist";
				LD_RUNPATH_SEARCH_PATHS = (
					"$(inherited)",
					"@executable_path/Frameworks",
				);
				PRODUCT_BUNDLE_IDENTIFIER = "com.hendoware.Q-A";
				PRODUCT_NAME = "$(TARGET_NAME)";
				SWIFT_VERSION = 4.2;
				TARGETED_DEVICE_FAMILY = "1,2";
			};
			name = Release;
		};
/* End XCBuildConfiguration section */

/* Begin XCConfigurationList section */
		7B0CCD68216E88F90013D873 /* Build configuration list for PBXProject "Q&A" */ = {
			isa = XCConfigurationList;
			buildConfigurations = (
				7B0CCD7D216E88FA0013D873 /* Debug */,
				7B0CCD7E216E88FA0013D873 /* Release */,
			);
			defaultConfigurationIsVisible = 0;
			defaultConfigurationName = Release;
		};
		7B0CCD7F216E88FA0013D873 /* Build configuration list for PBXNativeTarget "Q&A" */ = {
			isa = XCConfigurationList;
			buildConfigurations = (
				7B0CCD80216E88FA0013D873 /* Debug */,
				7B0CCD81216E88FA0013D873 /* Release */,
			);
			defaultConfigurationIsVisible = 0;
			defaultConfigurationName = Release;
		};
/* End XCConfigurationList section */
	};
	rootObject = 7B0CCD65216E88F90013D873 /* Project object */;
}
